
Microsoft Visual Studio Solution File, Format Version 12.00
# Visual Studio 15
VisualStudioVersion = 15.0.28307.1145
MinimumVisualStudioVersion = 10.0.40219.1
Project("{FAE04EC0-301F-11D3-BF4B-00C04F79EFBC}") = "Biblioteca_TP4", "Biblioteca_TP4\Biblioteca_TP4.csproj", "{A51A8CEF-5ACF-4088-8249-15469A5B25F5}"
EndProject
Project("{FAE04EC0-301F-11D3-BF4B-00C04F79EFBC}") = "Prueba_TP4", "Prueba_TP4\Prueba_TP4.csproj", "{A93878FB-D06B-4988-AE7D-A8EBF2A9F353}"
EndProject
Project("{FAE04EC0-301F-11D3-BF4B-00C04F79EFBC}") = "Formulario_TP4", "Formulario_TP4\Formulario_TP4.csproj", "{E2CB506B-957A-45EF-85B9-79589793AC5F}"
EndProject
Global
	GlobalSection(SolutionConfigurationPlatforms) = preSolution
		Debug|Any CPU = Debug|Any CPU
		Release|Any CPU = Release|Any CPU
	EndGlobalSection
	GlobalSection(ProjectConfigurationPlatforms) = postSolution
		{A51A8CEF-5ACF-4088-8249-15469A5B25F5}.Debug|Any CPU.ActiveCfg = Debug|Any CPU
		{A51A8CEF-5ACF-4088-8249-15469A5B25F5}.Debug|Any CPU.Build.0 = Debug|Any CPU
		{A51A8CEF-5ACF-4088-8249-15469A5B25F5}.Release|Any CPU.ActiveCfg = Release|Any CPU
		{A51A8CEF-5ACF-4088-8249-15469A5B25F5}.Release|Any CPU.Build.0 = Release|Any CPU
		{A93878FB-D06B-4988-AE7D-A8EBF2A9F353}.Debug|Any CPU.ActiveCfg = Debug|Any CPU
		{A93878FB-D06B-4988-AE7D-A8EBF2A9F353}.Debug|Any CPU.Build.0 = Debug|Any CPU
		{A93878FB-D06B-4988-AE7D-A8EBF2A9F353}.Release|Any CPU.ActiveCfg = Release|Any CPU
		{A93878FB-D06B-4988-AE7D-A8EBF2A9F353}.Release|Any CPU.Build.0 = Release|Any CPU
		{E2CB506B-957A-45EF-85B9-79589793AC5F}.Debug|Any CPU.ActiveCfg = Debug|Any CPU
		{E2CB506B-957A-45EF-85B9-79589793AC5F}.Debug|Any CPU.Build.0 = Debug|Any CPU
		{E2CB506B-957A-45EF-85B9-79589793AC5F}.Release|Any CPU.ActiveCfg = Release|Any CPU
		{E2CB506B-957A-45EF-85B9-79589793AC5F}.Release|Any CPU.Build.0 = Release|Any CPU
	EndGlobalSection
	GlobalSection(SolutionProperties) = preSolution
		HideSolutionNode = FALSE
	EndGlobalSection
	GlobalSection(ExtensibilityGlobals) = postSolution
		SolutionGuid = {4007AAE4-B01B-4883-89D3-10B7D7E6B282}
	EndGlobalSection
EndGlobal
